Microsoft Visual Studio Solution File, Format Version 12.00
# Visual Studio Version 17
VisualStudioVersion = 17.5.2.0
MinimumVisualStudioVersion = 10.0.40219.1
Project("{FAE04EC0-301F-11D3-BF4B-00C04F79EFBC}") = "PasquettaPlanner", "PasquettaPlanner.csproj", "{B93B5D15-6128-700B-3A3B-85209B6873F2}"
EndProject
Global
	GlobalSection(SolutionConfigurationPlatforms) = preSolution
		Debug|Any CPU = Debug|Any CPU
		Release|Any CPU = Release|Any CPU
	EndGlobalSection
	GlobalSection(ProjectConfigurationPlatforms) = postSolution
		{B93B5D15-6128-700B-3A3B-85209B6873F2}.Debug|Any CPU.ActiveCfg = Debug|Any CPU
		{B93B5D15-6128-700B-3A3B-85209B6873F2}.Debug|Any CPU.Build.0 = Debug|Any CPU
		{B93B5D15-6128-700B-3A3B-85209B6873F2}.Release|Any CPU.ActiveCfg = Release|Any CPU
		{B93B5D15-6128-700B-3A3B-85209B6873F2}.Release|Any CPU.Build.0 = Release|Any CPU
	EndGlobalSection
	GlobalSection(SolutionProperties) = preSolution
		HideSolutionNode = FALSE
	EndGlobalSection
	GlobalSection(ExtensibilityGlobals) = postSolution
		SolutionGuid = {BF139545-9128-4A20-A2F7-D6FA94712D0F}
	EndGlobalSection
EndGlobal
